
Microsoft Visual Studio Solution File, Format Version 12.00
Project("{FAE04EC0-301F-11D3-BF4B-00C04F79EFBC}") = "Empowered.Enumerable", "Empowered.Enumerable\Empowered.Enumerable.csproj", "{BC0DE712-4340-49DF-B57D-28CB77EBF684}"
EndProject
Project("{FAE04EC0-301F-11D3-BF4B-00C04F79EFBC}") = "Empowered.Enumerable.Tests", "Empowered.Enumerable.Tests\Empowered.Enumerable.Tests.csproj", "{65C0526A-E6FB-4F85-BA7C-FA7C987A580E}"
EndProject
Global
	GlobalSection(SolutionConfigurationPlatforms) = preSolution
		Debug|Any CPU = Debug|Any CPU
		Release|Any CPU = Release|Any CPU
	EndGlobalSection
	GlobalSection(ProjectConfigurationPlatforms) = postSolution
		{BC0DE712-4340-49DF-B57D-28CB77EBF684}.Debug|Any CPU.ActiveCfg = Debug|Any CPU
		{BC0DE712-4340-49DF-B57D-28CB77EBF684}.Debug|Any CPU.Build.0 = Debug|Any CPU
		{BC0DE712-4340-49DF-B57D-28CB77EBF684}.Release|Any CPU.ActiveCfg = Release|Any CPU
		{BC0DE712-4340-49DF-B57D-28CB77EBF684}.Release|Any CPU.Build.0 = Release|Any CPU
		{65C0526A-E6FB-4F85-BA7C-FA7C987A580E}.Debug|Any CPU.ActiveCfg = Debug|Any CPU
		{65C0526A-E6FB-4F85-BA7C-FA7C987A580E}.Debug|Any CPU.Build.0 = Debug|Any CPU
		{65C0526A-E6FB-4F85-BA7C-FA7C987A580E}.Release|Any CPU.ActiveCfg = Release|Any CPU
		{65C0526A-E6FB-4F85-BA7C-FA7C987A580E}.Release|Any CPU.Build.0 = Release|Any CPU
	EndGlobalSection
EndGlobal
